// !$*UTF8*$!
{
	archiveVersion = 1;
	classes = {
	};
	objectVersion = 46;
	objects = {

/* Begin PBXBuildFile section */
		8558AA5E1DCC437A0002598D /* AppDelegate.swift in Sources */ = {isa = PBXBuildFile; fileRef = 8558AA5D1DCC437A0002598D /* AppDelegate.swift */; };
		8558AA601DCC437A0002598D /* ViewController.swift in Sources */ = {isa = PBXBuildFile; fileRef = 8558AA5F1DCC437A0002598D /* ViewController.swift */; };
		8558AA631DCC437A0002598D /* Main.storyboard in Resources */ = {isa = PBXBuildFile; fileRef = 8558AA611DCC437A0002598D /* Main.storyboard */; };
		8558AA651DCC437B0002598D /* Assets.xcassets in Resources */ = {isa = PBXBuildFile; fileRef = 8558AA641DCC437B0002598D /* Assets.xcassets */; };
		8558AA681DCC437B0002598D /* LaunchScreen.storyboard in Resources */ = {isa = PBXBuildFile; fileRef = 8558AA661DCC437B0002598D /* LaunchScreen.storyboard */; };
		8558AA731DCC437B0002598D /* Project02Tests.swift in Sources */ = {isa = PBXBuildFile; fileRef = 8558AA721DCC437B0002598D /* Project02Tests.swift */; };
		8558AA7E1DCC437B0002598D /* Project02UITests.swift in Sources */ = {isa = PBXBuildFile; fileRef = 8558AA7D1DCC437B0002598D /* Project02UITests.swift */; };
/* End PBXBuildFile section */

/* Begin PBXContainerItemProxy section */
		8558AA6F1DCC437B0002598D /* PBXContainerItemProxy */ = {
			isa = PBXContainerItemProxy;
			containerPortal = 8558AA521DCC437A0002598D /* Project object */;
			proxyType = 1;
			remoteGlobalIDString = 8558AA591DCC437A0002598D;
			remoteInfo = Project02;
		};
		8558AA7A1DCC437B0002598D /* PBXContainerItemProxy */ = {
			isa = PBXContainerItemProxy;
			containerPortal = 8558AA521DCC437A0002598D /* Project object */;
			proxyType = 1;
			remoteGlobalIDString = 8558AA591DCC437A0002598D;
			remoteInfo = Project02;
		};
/* End PBXContainerItemProxy section */

/* Begin PBXFileReference section */
		8558AA5A1DCC437A0002598D /* Project02.app */ = {isa = PBXFileReference; explicitFileType = wrapper.application; includeInIndex = 0; path = Project02.app; sourceTree = BUILT_PRODUCTS_DIR; };
		8558AA5D1DCC437A0002598D /* AppDelegate.swift */ = {isa = PBXFileReference; lastKnownFileType = sourcecode.swift; path = AppDelegate.swift; sourceTree = "<group>"; };
		8558AA5F1DCC437A0002598D /* ViewController.swift */ = {isa = PBXFileReference; lastKnownFileType = sourcecode.swift; path = ViewController.swift; sourceTree = "<group>"; };
		8558AA621DCC437A0002598D /* Base */ = {isa = PBXFileReference; lastKnownFileType = file.storyboard; name = Base; path = Base.lproj/Main.storyboard; sourceTree = "<group>"; };
		8558AA641DCC437B0002598D /* Assets.xcassets */ = {isa = PBXFileReference; lastKnownFileType = folder.assetcatalog; path = Assets.xcassets; sourceTree = "<group>"; };
		8558AA671DCC437B0002598D /* Base */ = {isa = PBXFileReference; lastKnownFileType = file.storyboard; name = Base; path = Base.lproj/LaunchScreen.storyboard; sourceTree = "<group>"; };
		8558AA691DCC437B0002598D /* Info.plist */ = {isa = PBXFileReference; lastKnownFileType = text.plist.xml; path = Info.plist; sourceTree = "<group>"; };
		8558AA6E1DCC437B0002598D /* Project02Tests.xctest */ = {isa = PBXFileReference; explicitFileType = wrapper.cfbundle; includeInIndex = 0; path = Project02Tests.xctest; sourceTree = BUILT_PRODUCTS_DIR; };
		8558AA721DCC437B0002598D /* Project02Tests.swift */ = {isa = PBXFileReference; lastKnownFileType = sourcecode.swift; path = Project02Tests.swift; sourceTree = "<group>"; };
		8558AA741DCC437B0002598D /* Info.plist */ = {isa = PBXFileReference; lastKnownFileType = text.plist.xml; path = Info.plist; sourceTree = "<group>"; };
		8558AA791DCC437B0002598D /* Project02UITests.xctest */ = {isa = PBXFileReference; explicitFileType = wrapper.cfbundle; includeInIndex = 0; path = Project02UITests.xctest; sourceTree = BUILT_PRODUCTS_DIR; };
		8558AA7D1DCC437B0002598D /* Project02UITests.swift */ = {isa = PBXFileReference; lastKnownFileType = sourcecode.swift; path = Project02UITests.swift; sourceTree = "<group>"; };
		8558AA7F1DCC437B0002598D /* Info.plist */ = {isa = PBXFileReference; lastKnownFileType = text.plist.xml; path = Info.plist; sourceTree = "<group>"; };
/* End PBXFileReference section */

/* Begin PBXFrameworksBuildPhase section */
		8558AA571DCC437A0002598D /* Frameworks */ = {
			isa = PBXFrameworksBuildPhase;
			buildActionMask = 2147483647;
			files = (
			);
			runOnlyForDeploymentPostprocessing = 0;
		};
		8558AA6B1DCC437B0002598D /* Frameworks */ = {
			isa = PBXFrameworksBuildPhase;
			buildActionMask = 2147483647;
			files = (
			);
			runOnlyForDeploymentPostprocessing = 0;
		};
		8558AA761DCC437B0002598D /* Frameworks */ = {
			isa = PBXFrameworksBuildPhase;
			buildActionMask = 2147483647;
			files = (
			);
			runOnlyForDeploymentPostprocessing = 0;
		};
/* End PBXFrameworksBuildPhase section */

/* Begin PBXGroup section */
		8558AA511DCC437A0002598D = {
			isa = PBXGroup;
			children = (
				8558AA5C1DCC437A0002598D /* Project02 */,
				8558AA711DCC437B0002598D /* Project02Tests */,
				8558AA7C1DCC437B0002598D /* Project02UITests */,
				8558AA5B1DCC437A0002598D /* Products */,
			);
			sourceTree = "<group>";
		};
		8558AA5B1DCC437A0002598D /* Products */ = {
			isa = PBXGroup;
			children = (
				8558AA5A1DCC437A0002598D /* Project02.app */,
				8558AA6E1DCC437B0002598D /* Project02Tests.xctest */,
				8558AA791DCC437B0002598D /* Project02UITests.xctest */,
			);
			name = Products;
			sourceTree = "<group>";
		};
		8558AA5C1DCC437A0002598D /* Project02 */ = {
			isa = PBXGroup;
			children = (
				8558AA5D1DCC437A0002598D /* AppDelegate.swift */,
				8558AA5F1DCC437A0002598D /* ViewController.swift */,
				8558AA611DCC437A0002598D /* Main.storyboard */,
				8558AA641DCC437B0002598D /* Assets.xcassets */,
				8558AA661DCC437B0002598D /* LaunchScreen.storyboard */,
				8558AA691DCC437B0002598D /* Info.plist */,
			);
			path = Project02;
			sourceTree = "<group>";
		};
		8558AA711DCC437B0002598D /* Project02Tests */ = {
			isa = PBXGroup;
			children = (
				8558AA721DCC437B0002598D /* Project02Tests.swift */,
				8558AA741DCC437B0002598D /* Info.plist */,
			);
			path = Project02Tests;
			sourceTree = "<group>";
		};
		8558AA7C1DCC437B0002598D /* Project02UITests */ = {
			isa = PBXGroup;
			children = (
				8558AA7D1DCC437B0002598D /* Project02UITests.swift */,
				8558AA7F1DCC437B0002598D /* Info.plist */,
			);
			path = Project02UITests;
			sourceTree = "<group>";
		};
/* End PBXGroup section */

/* Begin PBXNativeTarget section */
		8558AA591DCC437A0002598D /* Project02 */ = {
			isa = PBXNativeTarget;
			buildConfigurationList = 8558AA821DCC437B0002598D /* Build configuration list for PBXNativeTarget "Project02" */;
			buildPhases = (
				8558AA561DCC437A0002598D /* Sources */,
				8558AA571DCC437A0002598D /* Frameworks */,
				8558AA581DCC437A0002598D /* Resources */,
			);
			buildRules = (
			);
			dependencies = (
			);
			name = Project02;
			productName = Project02;
			productReference = 8558AA5A1DCC437A0002598D /* Project02.app */;
			productType = "com.apple.product-type.application";
		};
		8558AA6D1DCC437B0002598D /* Project02Tests */ = {
			isa = PBXNativeTarget;
			buildConfigurationList = 8558AA851DCC437B0002598D /* Build configuration list for PBXNativeTarget "Project02Tests" */;
			buildPhases = (
				8558AA6A1DCC437B0002598D /* Sources */,
				8558AA6B1DCC437B0002598D /* Frameworks */,
				8558AA6C1DCC437B0002598D /* Resources */,
			);
			buildRules = (
			);
			dependencies = (
				8558AA701DCC437B0002598D /* PBXTargetDependency */,
			);
			name = Project02Tests;
			productName = Project02Tests;
			productReference = 8558AA6E1DCC437B0002598D /* Project02Tests.xctest */;
			productType = "com.apple.product-type.bundle.unit-test";
		};
		8558AA781DCC437B0002598D /* Project02UITests */ = {
			isa = PBXNativeTarget;
			buildConfigurationList = 8558AA881DCC437B0002598D /* Build configuration list for PBXNativeTarget "Project02UITests" */;
			buildPhases = (
				8558AA751DCC437B0002598D /* Sources */,
				8558AA761DCC437B0002598D /* Frameworks */,
				8558AA771DCC437B0002598D /* Resources */,
			);
			buildRules = (
			);
			dependencies = (
				8558AA7B1DCC437B0002598D /* PBXTargetDependency */,
			);
			name = Project02UITests;
			productName = Project02UITests;
			productReference = 8558AA791DCC437B0002598D /* Project02UITests.xctest */;
			productType = "com.apple.product-type.bundle.ui-testing";
		};
/* End PBXNativeTarget section */

/* Begin PBXProject section */
		8558AA521DCC437A0002598D /* Project object */ = {
			isa = PBXProject;
			attributes = {
				LastSwiftUpdateCheck = 0810;
				LastUpgradeCheck = 0810;
				ORGANIZATIONNAME = "AKKHARAWAT CHAYAPIWAT";
				TargetAttributes = {
					8558AA591DCC437A0002598D = {
						CreatedOnToolsVersion = 8.1;
						ProvisioningStyle = Automatic;
					};
					8558AA6D1DCC437B0002598D = {
						CreatedOnToolsVersion = 8.1;
						ProvisioningStyle = Automatic;
						TestTargetID = 8558AA591DCC437A0002598D;
					};
					8558AA781DCC437B0002598D = {
						CreatedOnToolsVersion = 8.1;
						ProvisioningStyle = Automatic;
						TestTargetID = 8558AA591DCC437A0002598D;
					};
				};
			};
			buildConfigurationList = 8558AA551DCC437A0002598D /* Build configuration list for PBXProject "Project02" */;
			compatibilityVersion = "Xcode 3.2";
			developmentRegion = English;
			hasScannedForEncodings = 0;
			knownRegions = (
				en,
				Base,
			);
			mainGroup = 8558AA511DCC437A0002598D;
			productRefGroup = 8558AA5B1DCC437A0002598D /* Products */;
			projectDirPath = "";
			projectRoot = "";
			targets = (
				8558AA591DCC437A0002598D /* Project02 */,
				8558AA6D1DCC437B0002598D /* Project02Tests */,
				8558AA781DCC437B0002598D /* Project02UITests */,
			);
		};
/* End PBXProject section */

/* Begin PBXResourcesBuildPhase section */
		8558AA581DCC437A0002598D /* Resources */ = {
			isa = PBXResourcesBuildPhase;
			buildActionMask = 2147483647;
			files = (
				8558AA681DCC437B0002598D /* LaunchScreen.storyboard in Resources */,
				8558AA651DCC437B0002598D /* Assets.xcassets in Resources */,
				8558AA631DCC437A0002598D /* Main.storyboard in Resources */,
			);
			runOnlyForDeploymentPostprocessing = 0;
		};
		8558AA6C1DCC437B0002598D /* Resources */ = {
			isa = PBXResourcesBuildPhase;
			buildActionMask = 2147483647;
			files = (
			);
			runOnlyForDeploymentPostprocessing = 0;
		};
		8558AA771DCC437B0002598D /* Resources */ = {
			isa = PBXResourcesBuildPhase;
			buildActionMask = 2147483647;
			files = (
			);
			runOnlyForDeploymentPostprocessing = 0;
		};
/* End PBXResourcesBuildPhase section */

/* Begin PBXSourcesBuildPhase section */
		8558AA561DCC437A0002598D /* Sources */ = {
			isa = PBXSourcesBuildPhase;
			buildActionMask = 2147483647;
			files = (
				8558AA601DCC437A0002598D /* ViewController.swift in Sources */,
				8558AA5E1DCC437A0002598D /* AppDelegate.swift in Sources */,
			);
			runOnlyForDeploymentPostprocessing = 0;
		};
		8558AA6A1DCC437B0002598D /* Sources */ = {
			isa = PBXSourcesBuildPhase;
			buildActionMask = 2147483647;
			files = (
				8558AA731DCC437B0002598D /* Project02Tests.swift in Sources */,
			);
			runOnlyForDeploymentPostprocessing = 0;
		};
		8558AA751DCC437B0002598D /* Sources */ = {
			isa = PBXSourcesBuildPhase;
			buildActionMask = 2147483647;
			files = (
				8558AA7E1DCC437B0002598D /* Project02UITests.swift in Sources */,
			);
			runOnlyForDeploymentPostprocessing = 0;
		};
/* End PBXSourcesBuildPhase section */

/* Begin PBXTargetDependency section */
		8558AA701DCC437B0002598D /* PBXTargetDependency */ = {
			isa = PBXTargetDependency;
			target = 8558AA591DCC437A0002598D /* Project02 */;
			targetProxy = 8558AA6F1DCC437B0002598D /* PBXContainerItemProxy */;
		};
		8558AA7B1DCC437B0002598D /* PBXTargetDependency */ = {
			isa = PBXTargetDependency;
			target = 8558AA591DCC437A0002598D /* Project02 */;
			targetProxy = 8558AA7A1DCC437B0002598D /* PBXContainerItemProxy */;
		};
/* End PBXTargetDependency section */

/* Begin PBXVariantGroup section */
		8558AA611DCC437A0002598D /* Main.storyboard */ = {
			isa = PBXVariantGroup;
			children = (
				8558AA621DCC437A0002598D /* Base */,
			);
			name = Main.storyboard;
			sourceTree = "<group>";
		};
		8558AA661DCC437B0002598D /* LaunchScreen.storyboard */ = {
			isa = PBXVariantGroup;
			children = (
				8558AA671DCC437B0002598D /* Base */,
			);
			name = LaunchScreen.storyboard;
			sourceTree = "<group>";
		};
/* End PBXVariantGroup section */

/* Begin XCBuildConfiguration section */
		8558AA801DCC437B0002598D /* Debug */ = {
			isa = XCBuildConfiguration;
			buildSettings = {
				ALWAYS_SEARCH_USER_PATHS = NO;
				CLANG_ANALYZER_NONNULL = YES;
				CLANG_CXX_LANGUAGE_STANDARD = "gnu++0x";
				CLANG_CXX_LIBRARY = "libc++";
				CLANG_ENABLE_MODULES = YES;
				CLANG_ENABLE_OBJC_ARC = YES;
				CLANG_WARN_BOOL_CONVERSION = YES;
				CLANG_WARN_CONSTANT_CONVERSION = YES;
				CLANG_WARN_DIRECT_OBJC_ISA_USAGE = YES_ERROR;
				CLANG_WARN_DOCUMENTATION_COMMENTS = YES;
				CLANG_WARN_EMPTY_BODY = YES;
				CLANG_WARN_ENUM_CONVERSION = YES;
				CLANG_WARN_INFINITE_RECURSION = YES;
				CLANG_WARN_INT_CONVERSION = YES;
				CLANG_WARN_OBJC_ROOT_CLASS = YES_ERROR;
				CLANG_WARN_SUSPICIOUS_MOVES = YES;
				CLANG_WARN_UNREACHABLE_CODE = YES;
				CLANG_WARN__DUPLICATE_METHOD_MATCH = YES;
				"CODE_SIGN_IDENTITY[sdk=iphoneos*]" = "iPhone Developer";
				COPY_PHASE_STRIP = NO;
				DEBUG_INFORMATION_FORMAT = dwarf;
				ENABLE_STRICT_OBJC_MSGSEND = YES;
				ENABLE_TESTABILITY = YES;
				GCC_C_LANGUAGE_STANDARD = gnu99;
				GCC_DYNAMIC_NO_PIC = NO;
				GCC_NO_COMMON_BLOCKS = YES;
				GCC_OPTIMIZATION_LEVEL = 0;
				GCC_PREPROCESSOR_DEFINITIONS = (
					"DEBUG=1",
					"$(inherited)",
				);
				GCC_WARN_64_TO_32_BIT_CONVERSION = YES;
				GCC_WARN_ABOUT_RETURN_TYPE = YES_ERROR;
				GCC_WARN_UNDECLARED_SELECTOR = YES;
				GCC_WARN_UNINITIALIZED_AUTOS = YES_AGGRESSIVE;
				GCC_WARN_UNUSED_FUNCTION = YES;
				GCC_WARN_UNUSED_VARIABLE = YES;
				IPHONEOS_DEPLOYMENT_TARGET = 10.1;
				MTL_ENABLE_DEBUG_INFO = YES;
				ONLY_ACTIVE_ARCH = YES;
				SDKROOT = iphoneos;
				SWIFT_ACTIVE_COMPILATION_CONDITIONS = DEBUG;
				SWIFT_OPTIMIZATION_LEVEL = "-Onone";
				TARGETED_DEVICE_FAMILY = "1,2";
			};
			name = Debug;
		};
		8558AA811DCC437B0002598D /* Release */ = {
			isa = XCBuildConfiguration;
			buildSettings = {
				ALWAYS_SEARCH_USER_PATHS = NO;
				CLANG_ANALYZER_NONNULL = YES;
				CLANG_CXX_LANGUAGE_STANDARD = "gnu++0x";
				CLANG_CXX_LIBRARY = "libc++";
				CLANG_ENABLE_MODULES = YES;
				CLANG_ENABLE_OBJC_ARC = YES;
				CLANG_WARN_BOOL_CONVERSION = YES;
				CLANG_WARN_CONSTANT_CONVERSION = YES;
				CLANG_WARN_DIRECT_OBJC_ISA_USAGE = YES_ERROR;
				CLANG_WARN_DOCUMENTATION_COMMENTS = YES;
				CLANG_WARN_EMPTY_BODY = YES;
				CLANG_WARN_ENUM_CONVERSION = YES;
				CLANG_WARN_INFINITE_RECURSION = YES;
				CLANG_WARN_INT_CONVERSION = YES;
				CLANG_WARN_OBJC_ROOT_CLASS = YES_ERROR;
				CLANG_WARN_SUSPICIOUS_MOVES = YES;
				CLANG_WARN_UNREACHABLE_CODE = YES;
				CLANG_WARN__DUPLICATE_METHOD_MATCH = YES;
				"CODE_SIGN_IDENTITY[sdk=iphoneos*]" = "iPhone Developer";
				COPY_PHASE_STRIP = NO;
				DEBUG_INFORMATION_FORMAT = "dwarf-with-dsym";
				ENABLE_NS_ASSERTIONS = NO;
				ENABLE_STRICT_OBJC_MSGSEND = YES;
				GCC_C_LANGUAGE_STANDARD = gnu99;
				GCC_NO_COMMON_BLOCKS = YES;
				GCC_WARN_64_TO_32_BIT_CONVERSION = YES;
				GCC_WARN_ABOUT_RETURN_TYPE = YES_ERROR;
				GCC_WARN_UNDECLARED_SELECTOR = YES;
				GCC_WARN_UNINITIALIZED_AUTOS = YES_AGGRESSIVE;
				GCC_WARN_UNUSED_FUNCTION = YES;
				GCC_WARN_UNUSED_VARIABLE = YES;
				IPHONEOS_DEPLOYMENT_TARGET = 10.1;
				MTL_ENABLE_DEBUG_INFO = NO;
				SDKROOT = iphoneos;
				SWIFT_OPTIMIZATION_LEVEL = "-Owholemodule";
				TARGETED_DEVICE_FAMILY = "1,2";
				VALIDATE_PRODUCT = YES;
			};
			name = Release;
		};
		8558AA831DCC437B0002598D /* Debug */ = {
			isa = XCBuildConfiguration;
			buildSettings = {
				ASSETCATALOG_COMPILER_APPICON_NAME = AppIcon;
				INFOPLIST_FILE = Project02/Info.plist;
				LD_RUNPATH_SEARCH_PATHS = "$(inherited) @executable_path/Frameworks";
				PRODUCT_BUNDLE_IDENTIFIER = com.github.HelloCore.Project02;
				PRODUCT_NAME = "$(TARGET_NAME)";
				SWIFT_VERSION = 3.0;
			};
			name = Debug;
		};
		8558AA841DCC437B0002598D /* Release */ = {
			isa = XCBuildConfiguration;
			buildSettings = {
				ASSETCATALOG_COMPILER_APPICON_NAME = AppIcon;
				INFOPLIST_FILE = Project02/Info.plist;
				LD_RUNPATH_SEARCH_PATHS = "$(inherited) @executable_path/Frameworks";
				PRODUCT_BUNDLE_IDENTIFIER = com.github.HelloCore.Project02;
				PRODUCT_NAME = "$(TARGET_NAME)";
				SWIFT_VERSION = 3.0;
			};
			name = Release;
		};
		8558AA861DCC437B0002598D /* Debug */ = {
			isa = XCBuildConfiguration;
			buildSettings = {
				ALWAYS_EMBED_SWIFT_STANDARD_LIBRARIES = YES;
				BUNDLE_LOADER = "$(TEST_HOST)";
				INFOPLIST_FILE = Project02Tests/Info.plist;
				LD_RUNPATH_SEARCH_PATHS = "$(inherited) @executable_path/Frameworks @loader_path/Frameworks";
				PRODUCT_BUNDLE_IDENTIFIER = com.github.HelloCore.Project02Tests;
				PRODUCT_NAME = "$(TARGET_NAME)";
				SWIFT_VERSION = 3.0;
				TEST_HOST = "$(BUILT_PRODUCTS_DIR)/Project02.app/Project02";
			};
			name = Debug;
		};
		8558AA871DCC437B0002598D /* Release */ = {
			isa = XCBuildConfiguration;
			buildSettings = {
				ALWAYS_EMBED_SWIFT_STANDARD_LIBRARIES = YES;
				BUNDLE_LOADER = "$(TEST_HOST)";
				INFOPLIST_FILE = Project02Tests/Info.plist;
				LD_RUNPATH_SEARCH_PATHS = "$(inherited) @executable_path/Frameworks @loader_path/Frameworks";
				PRODUCT_BUNDLE_IDENTIFIER = com.github.HelloCore.Project02Tests;
				PRODUCT_NAME = "$(TARGET_NAME)";
				SWIFT_VERSION = 3.0;
				TEST_HOST = "$(BUILT_PRODUCTS_DIR)/Project02.app/Project02";
			};
			name = Release;
		};
		8558AA891DCC437B0002598D /* Debug */ = {
			isa = XCBuildConfiguration;
			buildSettings = {
				ALWAYS_EMBED_SWIFT_STANDARD_LIBRARIES = YES;
				INFOPLIST_FILE = Project02UITests/Info.plist;
				LD_RUNPATH_SEARCH_PATHS = "$(inherited) @executable_path/Frameworks @loader_path/Frameworks";
				PRODUCT_BUNDLE_IDENTIFIER = com.github.HelloCore.Project02UITests;
				PRODUCT_NAME = "$(TARGET_NAME)";
				SWIFT_VERSION = 3.0;
				TEST_TARGET_NAME = Project02;
			};
			name = Debug;
		};
		8558AA8A1DCC437B0002598D /* Release */ = {
			isa = XCBuildConfiguration;
			buildSettings = {
				ALWAYS_EMBED_SWIFT_STANDARD_LIBRARIES = YES;
				INFOPLIST_FILE = Project02UITests/Info.plist;
				LD_RUNPATH_SEARCH_PATHS = "$(inherited) @executable_path/Frameworks @loader_path/Frameworks";
				PRODUCT_BUNDLE_IDENTIFIER = com.github.HelloCore.Project02UITests;
				PRODUCT_NAME = "$(TARGET_NAME)";
				SWIFT_VERSION = 3.0;
				TEST_TARGET_NAME = Project02;
			};
			name = Release;
		};
/* End XCBuildConfiguration section */

/* Begin XCConfigurationList section */
		8558AA551DCC437A0002598D /* Build configuration list for PBXProject "Project02" */ = {
			isa = XCConfigurationList;
			buildConfigurations = (
				8558AA801DCC437B0002598D /* Debug */,
				8558AA811DCC437B0002598D /* Release */,
			);
			defaultConfigurationIsVisible = 0;
			defaultConfigurationName = Release;
		};
		8558AA821DCC437B0002598D /* Build configuration list for PBXNativeTarget "Project02" */ = {
			isa = XCConfigurationList;
			buildConfigurations = (
				8558AA831DCC437B0002598D /* Debug */,
				8558AA841DCC437B0002598D /* Release */,
			);
			defaultConfigurationIsVisible = 0;
		};
		8558AA851DCC437B0002598D /* Build configuration list for PBXNativeTarget "Project02Tests" */ = {
			isa = XCConfigurationList;
			buildConfigurations = (
				8558AA861DCC437B0002598D /* Debug */,
				8558AA871DCC437B0002598D /* Release */,
			);
			defaultConfigurationIsVisible = 0;
		};
		8558AA881DCC437B0002598D /* Build configuration list for PBXNativeTarget "Project02UITests" */ = {
			isa = XCConfigurationList;
			buildConfigurations = (
				8558AA891DCC437B0002598D /* Debug */,
				8558AA8A1DCC437B0002598D /* Release */,
			);
			defaultConfigurationIsVisible = 0;
		};
/* End XCConfigurationList section */
	};
	rootObject = 8558AA521DCC437A0002598D /* Project object */;
}
