// !$*UTF8*$!
{
	archiveVersion = 1;
	classes = {
	};
	objectVersion = 46;
	objects = {

/* Begin PBXBuildFile section */
		857555AF1DDC16C30078B4E1 /* AppDelegate.swift in Sources */ = {isa = PBXBuildFile; fileRef = 857555AE1DDC16C30078B4E1 /* AppDelegate.swift */; };
		857555B11DDC16C30078B4E1 /* ViewController.swift in Sources */ = {isa = PBXBuildFile; fileRef = 857555B01DDC16C30078B4E1 /* ViewController.swift */; };
		857555B41DDC16C30078B4E1 /* Main.storyboard in Resources */ = {isa = PBXBuildFile; fileRef = 857555B21DDC16C30078B4E1 /* Main.storyboard */; };
		857555B61DDC16C30078B4E1 /* Assets.xcassets in Resources */ = {isa = PBXBuildFile; fileRef = 857555B51DDC16C30078B4E1 /* Assets.xcassets */; };
		857555B91DDC16C30078B4E1 /* LaunchScreen.storyboard in Resources */ = {isa = PBXBuildFile; fileRef = 857555B71DDC16C30078B4E1 /* LaunchScreen.storyboard */; };
		857555C41DDC16C30078B4E1 /* Project10Tests.swift in Sources */ = {isa = PBXBuildFile; fileRef = 857555C31DDC16C30078B4E1 /* Project10Tests.swift */; };
		857555CF1DDC16C30078B4E1 /* Project10UITests.swift in Sources */ = {isa = PBXBuildFile; fileRef = 857555CE1DDC16C30078B4E1 /* Project10UITests.swift */; };
		857555DD1DDC19100078B4E1 /* PersonCollectionViewCell.swift in Sources */ = {isa = PBXBuildFile; fileRef = 857555DC1DDC19100078B4E1 /* PersonCollectionViewCell.swift */; };
		85DF2DF01DDC20530045F059 /* Person.swift in Sources */ = {isa = PBXBuildFile; fileRef = 85DF2DEF1DDC20530045F059 /* Person.swift */; };
/* End PBXBuildFile section */

/* Begin PBXContainerItemProxy section */
		857555C01DDC16C30078B4E1 /* PBXContainerItemProxy */ = {
			isa = PBXContainerItemProxy;
			containerPortal = 857555A31DDC16C20078B4E1 /* Project object */;
			proxyType = 1;
			remoteGlobalIDString = 857555AA1DDC16C20078B4E1;
			remoteInfo = Project10;
		};
		857555CB1DDC16C30078B4E1 /* PBXContainerItemProxy */ = {
			isa = PBXContainerItemProxy;
			containerPortal = 857555A31DDC16C20078B4E1 /* Project object */;
			proxyType = 1;
			remoteGlobalIDString = 857555AA1DDC16C20078B4E1;
			remoteInfo = Project10;
		};
/* End PBXContainerItemProxy section */

/* Begin PBXFileReference section */
		857555AB1DDC16C30078B4E1 /* Project10.app */ = {isa = PBXFileReference; explicitFileType = wrapper.application; includeInIndex = 0; path = Project10.app; sourceTree = BUILT_PRODUCTS_DIR; };
		857555AE1DDC16C30078B4E1 /* AppDelegate.swift */ = {isa = PBXFileReference; lastKnownFileType = sourcecode.swift; path = AppDelegate.swift; sourceTree = "<group>"; };
		857555B01DDC16C30078B4E1 /* ViewController.swift */ = {isa = PBXFileReference; lastKnownFileType = sourcecode.swift; path = ViewController.swift; sourceTree = "<group>"; };
		857555B31DDC16C30078B4E1 /* Base */ = {isa = PBXFileReference; lastKnownFileType = file.storyboard; name = Base; path = Base.lproj/Main.storyboard; sourceTree = "<group>"; };
		857555B51DDC16C30078B4E1 /* Assets.xcassets */ = {isa = PBXFileReference; lastKnownFileType = folder.assetcatalog; path = Assets.xcassets; sourceTree = "<group>"; };
		857555B81DDC16C30078B4E1 /* Base */ = {isa = PBXFileReference; lastKnownFileType = file.storyboard; name = Base; path = Base.lproj/LaunchScreen.storyboard; sourceTree = "<group>"; };
		857555BA1DDC16C30078B4E1 /* Info.plist */ = {isa = PBXFileReference; lastKnownFileType = text.plist.xml; path = Info.plist; sourceTree = "<group>"; };
		857555BF1DDC16C30078B4E1 /* Project10Tests.xctest */ = {isa = PBXFileReference; explicitFileType = wrapper.cfbundle; includeInIndex = 0; path = Project10Tests.xctest; sourceTree = BUILT_PRODUCTS_DIR; };
		857555C31DDC16C30078B4E1 /* Project10Tests.swift */ = {isa = PBXFileReference; lastKnownFileType = sourcecode.swift; path = Project10Tests.swift; sourceTree = "<group>"; };
		857555C51DDC16C30078B4E1 /* Info.plist */ = {isa = PBXFileReference; lastKnownFileType = text.plist.xml; path = Info.plist; sourceTree = "<group>"; };
		857555CA1DDC16C30078B4E1 /* Project10UITests.xctest */ = {isa = PBXFileReference; explicitFileType = wrapper.cfbundle; includeInIndex = 0; path = Project10UITests.xctest; sourceTree = BUILT_PRODUCTS_DIR; };
		857555CE1DDC16C30078B4E1 /* Project10UITests.swift */ = {isa = PBXFileReference; lastKnownFileType = sourcecode.swift; path = Project10UITests.swift; sourceTree = "<group>"; };
		857555D01DDC16C30078B4E1 /* Info.plist */ = {isa = PBXFileReference; lastKnownFileType = text.plist.xml; path = Info.plist; sourceTree = "<group>"; };
		857555DC1DDC19100078B4E1 /* PersonCollectionViewCell.swift */ = {isa = PBXFileReference; fileEncoding = 4; lastKnownFileType = sourcecode.swift; path = PersonCollectionViewCell.swift; sourceTree = "<group>"; };
		85DF2DEF1DDC20530045F059 /* Person.swift */ = {isa = PBXFileReference; fileEncoding = 4; lastKnownFileType = sourcecode.swift; path = Person.swift; sourceTree = "<group>"; };
/* End PBXFileReference section */

/* Begin PBXFrameworksBuildPhase section */
		857555A81DDC16C20078B4E1 /* Frameworks */ = {
			isa = PBXFrameworksBuildPhase;
			buildActionMask = 2147483647;
			files = (
			);
			runOnlyForDeploymentPostprocessing = 0;
		};
		857555BC1DDC16C30078B4E1 /* Frameworks */ = {
			isa = PBXFrameworksBuildPhase;
			buildActionMask = 2147483647;
			files = (
			);
			runOnlyForDeploymentPostprocessing = 0;
		};
		857555C71DDC16C30078B4E1 /* Frameworks */ = {
			isa = PBXFrameworksBuildPhase;
			buildActionMask = 2147483647;
			files = (
			);
			runOnlyForDeploymentPostprocessing = 0;
		};
/* End PBXFrameworksBuildPhase section */

/* Begin PBXGroup section */
		857555A21DDC16C20078B4E1 = {
			isa = PBXGroup;
			children = (
				857555AD1DDC16C30078B4E1 /* Project10 */,
				857555C21DDC16C30078B4E1 /* Project10Tests */,
				857555CD1DDC16C30078B4E1 /* Project10UITests */,
				857555AC1DDC16C30078B4E1 /* Products */,
			);
			sourceTree = "<group>";
		};
		857555AC1DDC16C30078B4E1 /* Products */ = {
			isa = PBXGroup;
			children = (
				857555AB1DDC16C30078B4E1 /* Project10.app */,
				857555BF1DDC16C30078B4E1 /* Project10Tests.xctest */,
				857555CA1DDC16C30078B4E1 /* Project10UITests.xctest */,
			);
			name = Products;
			sourceTree = "<group>";
		};
		857555AD1DDC16C30078B4E1 /* Project10 */ = {
			isa = PBXGroup;
			children = (
				857555AE1DDC16C30078B4E1 /* AppDelegate.swift */,
				857555B01DDC16C30078B4E1 /* ViewController.swift */,
				857555B21DDC16C30078B4E1 /* Main.storyboard */,
				857555B51DDC16C30078B4E1 /* Assets.xcassets */,
				857555B71DDC16C30078B4E1 /* LaunchScreen.storyboard */,
				857555BA1DDC16C30078B4E1 /* Info.plist */,
				857555DC1DDC19100078B4E1 /* PersonCollectionViewCell.swift */,
				85DF2DEF1DDC20530045F059 /* Person.swift */,
			);
			path = Project10;
			sourceTree = "<group>";
		};
		857555C21DDC16C30078B4E1 /* Project10Tests */ = {
			isa = PBXGroup;
			children = (
				857555C31DDC16C30078B4E1 /* Project10Tests.swift */,
				857555C51DDC16C30078B4E1 /* Info.plist */,
			);
			path = Project10Tests;
			sourceTree = "<group>";
		};
		857555CD1DDC16C30078B4E1 /* Project10UITests */ = {
			isa = PBXGroup;
			children = (
				857555CE1DDC16C30078B4E1 /* Project10UITests.swift */,
				857555D01DDC16C30078B4E1 /* Info.plist */,
			);
			path = Project10UITests;
			sourceTree = "<group>";
		};
/* End PBXGroup section */

/* Begin PBXNativeTarget section */
		857555AA1DDC16C20078B4E1 /* Project10 */ = {
			isa = PBXNativeTarget;
			buildConfigurationList = 857555D31DDC16C30078B4E1 /* Build configuration list for PBXNativeTarget "Project10" */;
			buildPhases = (
				857555A71DDC16C20078B4E1 /* Sources */,
				857555A81DDC16C20078B4E1 /* Frameworks */,
				857555A91DDC16C20078B4E1 /* Resources */,
			);
			buildRules = (
			);
			dependencies = (
			);
			name = Project10;
			productName = Project10;
			productReference = 857555AB1DDC16C30078B4E1 /* Project10.app */;
			productType = "com.apple.product-type.application";
		};
		857555BE1DDC16C30078B4E1 /* Project10Tests */ = {
			isa = PBXNativeTarget;
			buildConfigurationList = 857555D61DDC16C30078B4E1 /* Build configuration list for PBXNativeTarget "Project10Tests" */;
			buildPhases = (
				857555BB1DDC16C30078B4E1 /* Sources */,
				857555BC1DDC16C30078B4E1 /* Frameworks */,
				857555BD1DDC16C30078B4E1 /* Resources */,
			);
			buildRules = (
			);
			dependencies = (
				857555C11DDC16C30078B4E1 /* PBXTargetDependency */,
			);
			name = Project10Tests;
			productName = Project10Tests;
			productReference = 857555BF1DDC16C30078B4E1 /* Project10Tests.xctest */;
			productType = "com.apple.product-type.bundle.unit-test";
		};
		857555C91DDC16C30078B4E1 /* Project10UITests */ = {
			isa = PBXNativeTarget;
			buildConfigurationList = 857555D91DDC16C30078B4E1 /* Build configuration list for PBXNativeTarget "Project10UITests" */;
			buildPhases = (
				857555C61DDC16C30078B4E1 /* Sources */,
				857555C71DDC16C30078B4E1 /* Frameworks */,
				857555C81DDC16C30078B4E1 /* Resources */,
			);
			buildRules = (
			);
			dependencies = (
				857555CC1DDC16C30078B4E1 /* PBXTargetDependency */,
			);
			name = Project10UITests;
			productName = Project10UITests;
			productReference = 857555CA1DDC16C30078B4E1 /* Project10UITests.xctest */;
			productType = "com.apple.product-type.bundle.ui-testing";
		};
/* End PBXNativeTarget section */

/* Begin PBXProject section */
		857555A31DDC16C20078B4E1 /* Project object */ = {
			isa = PBXProject;
			attributes = {
				LastSwiftUpdateCheck = 0810;
				LastUpgradeCheck = 0810;
				ORGANIZATIONNAME = "AKKHARAWAT CHAYAPIWAT";
				TargetAttributes = {
					857555AA1DDC16C20078B4E1 = {
						CreatedOnToolsVersion = 8.1;
						ProvisioningStyle = Automatic;
					};
					857555BE1DDC16C30078B4E1 = {
						CreatedOnToolsVersion = 8.1;
						ProvisioningStyle = Automatic;
						TestTargetID = 857555AA1DDC16C20078B4E1;
					};
					857555C91DDC16C30078B4E1 = {
						CreatedOnToolsVersion = 8.1;
						ProvisioningStyle = Automatic;
						TestTargetID = 857555AA1DDC16C20078B4E1;
					};
				};
			};
			buildConfigurationList = 857555A61DDC16C20078B4E1 /* Build configuration list for PBXProject "Project10" */;
			compatibilityVersion = "Xcode 3.2";
			developmentRegion = English;
			hasScannedForEncodings = 0;
			knownRegions = (
				en,
				Base,
			);
			mainGroup = 857555A21DDC16C20078B4E1;
			productRefGroup = 857555AC1DDC16C30078B4E1 /* Products */;
			projectDirPath = "";
			projectRoot = "";
			targets = (
				857555AA1DDC16C20078B4E1 /* Project10 */,
				857555BE1DDC16C30078B4E1 /* Project10Tests */,
				857555C91DDC16C30078B4E1 /* Project10UITests */,
			);
		};
/* End PBXProject section */

/* Begin PBXResourcesBuildPhase section */
		857555A91DDC16C20078B4E1 /* Resources */ = {
			isa = PBXResourcesBuildPhase;
			buildActionMask = 2147483647;
			files = (
				857555B91DDC16C30078B4E1 /* LaunchScreen.storyboard in Resources */,
				857555B61DDC16C30078B4E1 /* Assets.xcassets in Resources */,
				857555B41DDC16C30078B4E1 /* Main.storyboard in Resources */,
			);
			runOnlyForDeploymentPostprocessing = 0;
		};
		857555BD1DDC16C30078B4E1 /* Resources */ = {
			isa = PBXResourcesBuildPhase;
			buildActionMask = 2147483647;
			files = (
			);
			runOnlyForDeploymentPostprocessing = 0;
		};
		857555C81DDC16C30078B4E1 /* Resources */ = {
			isa = PBXResourcesBuildPhase;
			buildActionMask = 2147483647;
			files = (
			);
			runOnlyForDeploymentPostprocessing = 0;
		};
/* End PBXResourcesBuildPhase section */

/* Begin PBXSourcesBuildPhase section */
		857555A71DDC16C20078B4E1 /* Sources */ = {
			isa = PBXSourcesBuildPhase;
			buildActionMask = 2147483647;
			files = (
				857555B11DDC16C30078B4E1 /* ViewController.swift in Sources */,
				857555DD1DDC19100078B4E1 /* PersonCollectionViewCell.swift in Sources */,
				85DF2DF01DDC20530045F059 /* Person.swift in Sources */,
				857555AF1DDC16C30078B4E1 /* AppDelegate.swift in Sources */,
			);
			runOnlyForDeploymentPostprocessing = 0;
		};
		857555BB1DDC16C30078B4E1 /* Sources */ = {
			isa = PBXSourcesBuildPhase;
			buildActionMask = 2147483647;
			files = (
				857555C41DDC16C30078B4E1 /* Project10Tests.swift in Sources */,
			);
			runOnlyForDeploymentPostprocessing = 0;
		};
		857555C61DDC16C30078B4E1 /* Sources */ = {
			isa = PBXSourcesBuildPhase;
			buildActionMask = 2147483647;
			files = (
				857555CF1DDC16C30078B4E1 /* Project10UITests.swift in Sources */,
			);
			runOnlyForDeploymentPostprocessing = 0;
		};
/* End PBXSourcesBuildPhase section */

/* Begin PBXTargetDependency section */
		857555C11DDC16C30078B4E1 /* PBXTargetDependency */ = {
			isa = PBXTargetDependency;
			target = 857555AA1DDC16C20078B4E1 /* Project10 */;
			targetProxy = 857555C01DDC16C30078B4E1 /* PBXContainerItemProxy */;
		};
		857555CC1DDC16C30078B4E1 /* PBXTargetDependency */ = {
			isa = PBXTargetDependency;
			target = 857555AA1DDC16C20078B4E1 /* Project10 */;
			targetProxy = 857555CB1DDC16C30078B4E1 /* PBXContainerItemProxy */;
		};
/* End PBXTargetDependency section */

/* Begin PBXVariantGroup section */
		857555B21DDC16C30078B4E1 /* Main.storyboard */ = {
			isa = PBXVariantGroup;
			children = (
				857555B31DDC16C30078B4E1 /* Base */,
			);
			name = Main.storyboard;
			sourceTree = "<group>";
		};
		857555B71DDC16C30078B4E1 /* LaunchScreen.storyboard */ = {
			isa = PBXVariantGroup;
			children = (
				857555B81DDC16C30078B4E1 /* Base */,
			);
			name = LaunchScreen.storyboard;
			sourceTree = "<group>";
		};
/* End PBXVariantGroup section */

/* Begin XCBuildConfiguration section */
		857555D11DDC16C30078B4E1 /* Debug */ = {
			isa = XCBuildConfiguration;
			buildSettings = {
				ALWAYS_SEARCH_USER_PATHS = NO;
				CLANG_ANALYZER_NONNULL = YES;
				CLANG_CXX_LANGUAGE_STANDARD = "gnu++0x";
				CLANG_CXX_LIBRARY = "libc++";
				CLANG_ENABLE_MODULES = YES;
				CLANG_ENABLE_OBJC_ARC = YES;
				CLANG_WARN_BOOL_CONVERSION = YES;
				CLANG_WARN_CONSTANT_CONVERSION = YES;
				CLANG_WARN_DIRECT_OBJC_ISA_USAGE = YES_ERROR;
				CLANG_WARN_DOCUMENTATION_COMMENTS = YES;
				CLANG_WARN_EMPTY_BODY = YES;
				CLANG_WARN_ENUM_CONVERSION = YES;
				CLANG_WARN_INFINITE_RECURSION = YES;
				CLANG_WARN_INT_CONVERSION = YES;
				CLANG_WARN_OBJC_ROOT_CLASS = YES_ERROR;
				CLANG_WARN_SUSPICIOUS_MOVES = YES;
				CLANG_WARN_UNREACHABLE_CODE = YES;
				CLANG_WARN__DUPLICATE_METHOD_MATCH = YES;
				"CODE_SIGN_IDENTITY[sdk=iphoneos*]" = "iPhone Developer";
				COPY_PHASE_STRIP = NO;
				DEBUG_INFORMATION_FORMAT = dwarf;
				ENABLE_STRICT_OBJC_MSGSEND = YES;
				ENABLE_TESTABILITY = YES;
				GCC_C_LANGUAGE_STANDARD = gnu99;
				GCC_DYNAMIC_NO_PIC = NO;
				GCC_NO_COMMON_BLOCKS = YES;
				GCC_OPTIMIZATION_LEVEL = 0;
				GCC_PREPROCESSOR_DEFINITIONS = (
					"DEBUG=1",
					"$(inherited)",
				);
				GCC_WARN_64_TO_32_BIT_CONVERSION = YES;
				GCC_WARN_ABOUT_RETURN_TYPE = YES_ERROR;
				GCC_WARN_UNDECLARED_SELECTOR = YES;
				GCC_WARN_UNINITIALIZED_AUTOS = YES_AGGRESSIVE;
				GCC_WARN_UNUSED_FUNCTION = YES;
				GCC_WARN_UNUSED_VARIABLE = YES;
				IPHONEOS_DEPLOYMENT_TARGET = 10.1;
				MTL_ENABLE_DEBUG_INFO = YES;
				ONLY_ACTIVE_ARCH = YES;
				SDKROOT = iphoneos;
				SWIFT_ACTIVE_COMPILATION_CONDITIONS = DEBUG;
				SWIFT_OPTIMIZATION_LEVEL = "-Onone";
				TARGETED_DEVICE_FAMILY = 2;
			};
			name = Debug;
		};
		857555D21DDC16C30078B4E1 /* Release */ = {
			isa = XCBuildConfiguration;
			buildSettings = {
				ALWAYS_SEARCH_USER_PATHS = NO;
				CLANG_ANALYZER_NONNULL = YES;
				CLANG_CXX_LANGUAGE_STANDARD = "gnu++0x";
				CLANG_CXX_LIBRARY = "libc++";
				CLANG_ENABLE_MODULES = YES;
				CLANG_ENABLE_OBJC_ARC = YES;
				CLANG_WARN_BOOL_CONVERSION = YES;
				CLANG_WARN_CONSTANT_CONVERSION = YES;
				CLANG_WARN_DIRECT_OBJC_ISA_USAGE = YES_ERROR;
				CLANG_WARN_DOCUMENTATION_COMMENTS = YES;
				CLANG_WARN_EMPTY_BODY = YES;
				CLANG_WARN_ENUM_CONVERSION = YES;
				CLANG_WARN_INFINITE_RECURSION = YES;
				CLANG_WARN_INT_CONVERSION = YES;
				CLANG_WARN_OBJC_ROOT_CLASS = YES_ERROR;
				CLANG_WARN_SUSPICIOUS_MOVES = YES;
				CLANG_WARN_UNREACHABLE_CODE = YES;
				CLANG_WARN__DUPLICATE_METHOD_MATCH = YES;
				"CODE_SIGN_IDENTITY[sdk=iphoneos*]" = "iPhone Developer";
				COPY_PHASE_STRIP = NO;
				DEBUG_INFORMATION_FORMAT = "dwarf-with-dsym";
				ENABLE_NS_ASSERTIONS = NO;
				ENABLE_STRICT_OBJC_MSGSEND = YES;
				GCC_C_LANGUAGE_STANDARD = gnu99;
				GCC_NO_COMMON_BLOCKS = YES;
				GCC_WARN_64_TO_32_BIT_CONVERSION = YES;
				GCC_WARN_ABOUT_RETURN_TYPE = YES_ERROR;
				GCC_WARN_UNDECLARED_SELECTOR = YES;
				GCC_WARN_UNINITIALIZED_AUTOS = YES_AGGRESSIVE;
				GCC_WARN_UNUSED_FUNCTION = YES;
				GCC_WARN_UNUSED_VARIABLE = YES;
				IPHONEOS_DEPLOYMENT_TARGET = 10.1;
				MTL_ENABLE_DEBUG_INFO = NO;
				SDKROOT = iphoneos;
				SWIFT_OPTIMIZATION_LEVEL = "-Owholemodule";
				TARGETED_DEVICE_FAMILY = 2;
				VALIDATE_PRODUCT = YES;
			};
			name = Release;
		};
		857555D41DDC16C30078B4E1 /* Debug */ = {
			isa = XCBuildConfiguration;
			buildSettings = {
				ASSETCATALOG_COMPILER_APPICON_NAME = AppIcon;
				INFOPLIST_FILE = Project10/Info.plist;
				LD_RUNPATH_SEARCH_PATHS = "$(inherited) @executable_path/Frameworks";
				PRODUCT_BUNDLE_IDENTIFIER = com.github.HelloCore.Project10;
				PRODUCT_NAME = "$(TARGET_NAME)";
				SWIFT_VERSION = 3.0;
				TARGETED_DEVICE_FAMILY = "1,2";
			};
			name = Debug;
		};
		857555D51DDC16C30078B4E1 /* Release */ = {
			isa = XCBuildConfiguration;
			buildSettings = {
				ASSETCATALOG_COMPILER_APPICON_NAME = AppIcon;
				INFOPLIST_FILE = Project10/Info.plist;
				LD_RUNPATH_SEARCH_PATHS = "$(inherited) @executable_path/Frameworks";
				PRODUCT_BUNDLE_IDENTIFIER = com.github.HelloCore.Project10;
				PRODUCT_NAME = "$(TARGET_NAME)";
				SWIFT_VERSION = 3.0;
				TARGETED_DEVICE_FAMILY = "1,2";
			};
			name = Release;
		};
		857555D71DDC16C30078B4E1 /* Debug */ = {
			isa = XCBuildConfiguration;
			buildSettings = {
				ALWAYS_EMBED_SWIFT_STANDARD_LIBRARIES = YES;
				BUNDLE_LOADER = "$(TEST_HOST)";
				INFOPLIST_FILE = Project10Tests/Info.plist;
				LD_RUNPATH_SEARCH_PATHS = "$(inherited) @executable_path/Frameworks @loader_path/Frameworks";
				PRODUCT_BUNDLE_IDENTIFIER = com.github.HelloCore.Project10Tests;
				PRODUCT_NAME = "$(TARGET_NAME)";
				SWIFT_VERSION = 3.0;
				TEST_HOST = "$(BUILT_PRODUCTS_DIR)/Project10.app/Project10";
			};
			name = Debug;
		};
		857555D81DDC16C30078B4E1 /* Release */ = {
			isa = XCBuildConfiguration;
			buildSettings = {
				ALWAYS_EMBED_SWIFT_STANDARD_LIBRARIES = YES;
				BUNDLE_LOADER = "$(TEST_HOST)";
				INFOPLIST_FILE = Project10Tests/Info.plist;
				LD_RUNPATH_SEARCH_PATHS = "$(inherited) @executable_path/Frameworks @loader_path/Frameworks";
				PRODUCT_BUNDLE_IDENTIFIER = com.github.HelloCore.Project10Tests;
				PRODUCT_NAME = "$(TARGET_NAME)";
				SWIFT_VERSION = 3.0;
				TEST_HOST = "$(BUILT_PRODUCTS_DIR)/Project10.app/Project10";
			};
			name = Release;
		};
		857555DA1DDC16C30078B4E1 /* Debug */ = {
			isa = XCBuildConfiguration;
			buildSettings = {
				ALWAYS_EMBED_SWIFT_STANDARD_LIBRARIES = YES;
				INFOPLIST_FILE = Project10UITests/Info.plist;
				LD_RUNPATH_SEARCH_PATHS = "$(inherited) @executable_path/Frameworks @loader_path/Frameworks";
				PRODUCT_BUNDLE_IDENTIFIER = com.github.HelloCore.Project10UITests;
				PRODUCT_NAME = "$(TARGET_NAME)";
				SWIFT_VERSION = 3.0;
				TEST_TARGET_NAME = Project10;
			};
			name = Debug;
		};
		857555DB1DDC16C30078B4E1 /* Release */ = {
			isa = XCBuildConfiguration;
			buildSettings = {
				ALWAYS_EMBED_SWIFT_STANDARD_LIBRARIES = YES;
				INFOPLIST_FILE = Project10UITests/Info.plist;
				LD_RUNPATH_SEARCH_PATHS = "$(inherited) @executable_path/Frameworks @loader_path/Frameworks";
				PRODUCT_BUNDLE_IDENTIFIER = com.github.HelloCore.Project10UITests;
				PRODUCT_NAME = "$(TARGET_NAME)";
				SWIFT_VERSION = 3.0;
				TEST_TARGET_NAME = Project10;
			};
			name = Release;
		};
/* End XCBuildConfiguration section */

/* Begin XCConfigurationList section */
		857555A61DDC16C20078B4E1 /* Build configuration list for PBXProject "Project10" */ = {
			isa = XCConfigurationList;
			buildConfigurations = (
				857555D11DDC16C30078B4E1 /* Debug */,
				857555D21DDC16C30078B4E1 /* Release */,
			);
			defaultConfigurationIsVisible = 0;
			defaultConfigurationName = Release;
		};
		857555D31DDC16C30078B4E1 /* Build configuration list for PBXNativeTarget "Project10" */ = {
			isa = XCConfigurationList;
			buildConfigurations = (
				857555D41DDC16C30078B4E1 /* Debug */,
				857555D51DDC16C30078B4E1 /* Release */,
			);
			defaultConfigurationIsVisible = 0;
			defaultConfigurationName = Release;
		};
		857555D61DDC16C30078B4E1 /* Build configuration list for PBXNativeTarget "Project10Tests" */ = {
			isa = XCConfigurationList;
			buildConfigurations = (
				857555D71DDC16C30078B4E1 /* Debug */,
				857555D81DDC16C30078B4E1 /* Release */,
			);
			defaultConfigurationIsVisible = 0;
			defaultConfigurationName = Release;
		};
		857555D91DDC16C30078B4E1 /* Build configuration list for PBXNativeTarget "Project10UITests" */ = {
			isa = XCConfigurationList;
			buildConfigurations = (
				857555DA1DDC16C30078B4E1 /* Debug */,
				857555DB1DDC16C30078B4E1 /* Release */,
			);
			defaultConfigurationIsVisible = 0;
			defaultConfigurationName = Release;
		};
/* End XCConfigurationList section */
	};
	rootObject = 857555A31DDC16C20078B4E1 /* Project object */;
}
